
Microsoft Visual Studio Solution File, Format Version 12.00
# Visual Studio 15
VisualStudioVersion = 15.0.27703.2026
MinimumVisualStudioVersion = 10.0.40219.1
Project("{FAE04EC0-301F-11D3-BF4B-00C04F79EFBC}") = "PublicomApp.Android", "PublicomApp\PublicomApp.Android\PublicomApp.Android.csproj", "{F32C587F-0AF3-4B0F-8A05-E2328CB80D01}"
EndProject
Project("{FAE04EC0-301F-11D3-BF4B-00C04F79EFBC}") = "PublicomApp.iOS", "PublicomApp\PublicomApp.iOS\PublicomApp.iOS.csproj", "{A884F51A-1AE7-4511-AFD3-622E1CB7C360}"
EndProject
Project("{FAE04EC0-301F-11D3-BF4B-00C04F79EFBC}") = "PublicomApp", "PublicomApp\PublicomApp\PublicomApp.csproj", "{9B613424-ED29-40CE-AA6D-82E2FA3557C4}"
EndProject
Global
	GlobalSection(SolutionConfigurationPlatforms) = preSolution
		Ad-Hoc|Any CPU = Ad-Hoc|Any CPU
		Ad-Hoc|iPhone = Ad-Hoc|iPhone
		Ad-Hoc|iPhoneSimulator = Ad-Hoc|iPhoneSimulator
		AppStore|Any CPU = AppStore|Any CPU
		AppStore|iPhone = AppStore|iPhone
		AppStore|iPhoneSimulator = AppStore|iPhoneSimulator
		Debug|Any CPU = Debug|Any CPU
		Debug|iPhone = Debug|iPhone
		Debug|iPhoneSimulator = Debug|iPhoneSimulator
		Release|Any CPU = Release|Any CPU
		Release|iPhone = Release|iPhone
		Release|iPhoneSimulator = Release|iPhoneSimulator
	EndGlobalSection
	GlobalSection(ProjectConfigurationPlatforms) = postSolution
		{F32C587F-0AF3-4B0F-8A05-E2328CB80D01}.Ad-Hoc|Any CPU.ActiveCfg = Release|Any CPU
		{F32C587F-0AF3-4B0F-8A05-E2328CB80D01}.Ad-Hoc|Any CPU.Build.0 = Release|Any CPU
		{F32C587F-0AF3-4B0F-8A05-E2328CB80D01}.Ad-Hoc|Any CPU.Deploy.0 = Release|Any CPU
		{F32C587F-0AF3-4B0F-8A05-E2328CB80D01}.Ad-Hoc|iPhone.ActiveCfg = Release|Any CPU
		{F32C587F-0AF3-4B0F-8A05-E2328CB80D01}.Ad-Hoc|iPhone.Build.0 = Release|Any CPU
		{F32C587F-0AF3-4B0F-8A05-E2328CB80D01}.Ad-Hoc|iPhone.Deploy.0 = Release|Any CPU
		{F32C587F-0AF3-4B0F-8A05-E2328CB80D01}.Ad-Hoc|iPhoneSimulator.ActiveCfg = Release|Any CPU
		{F32C587F-0AF3-4B0F-8A05-E2328CB80D01}.Ad-Hoc|iPhoneSimulator.Build.0 = Release|Any CPU
		{F32C587F-0AF3-4B0F-8A05-E2328CB80D01}.Ad-Hoc|iPhoneSimulator.Deploy.0 = Release|Any CPU
		{F32C587F-0AF3-4B0F-8A05-E2328CB80D01}.AppStore|Any CPU.ActiveCfg = Release|Any CPU
		{F32C587F-0AF3-4B0F-8A05-E2328CB80D01}.AppStore|Any CPU.Build.0 = Release|Any CPU
		{F32C587F-0AF3-4B0F-8A05-E2328CB80D01}.AppStore|Any CPU.Deploy.0 = Release|Any CPU
		{F32C587F-0AF3-4B0F-8A05-E2328CB80D01}.AppStore|iPhone.ActiveCfg = Release|Any CPU
		{F32C587F-0AF3-4B0F-8A05-E2328CB80D01}.AppStore|iPhone.Build.0 = Release|Any CPU
		{F32C587F-0AF3-4B0F-8A05-E2328CB80D01}.AppStore|iPhone.Deploy.0 = Release|Any CPU
		{F32C587F-0AF3-4B0F-8A05-E2328CB80D01}.AppStore|iPhoneSimulator.ActiveCfg = Release|Any CPU
		{F32C587F-0AF3-4B0F-8A05-E2328CB80D01}.AppStore|iPhoneSimulator.Build.0 = Release|Any CPU
		{F32C587F-0AF3-4B0F-8A05-E2328CB80D01}.AppStore|iPhoneSimulator.Deploy.0 = Release|Any CPU
		{F32C587F-0AF3-4B0F-8A05-E2328CB80D01}.Debug|Any CPU.ActiveCfg = Debug|Any CPU
		{F32C587F-0AF3-4B0F-8A05-E2328CB80D01}.Debug|Any CPU.Build.0 = Debug|Any CPU
		{F32C587F-0AF3-4B0F-8A05-E2328CB80D01}.Debug|Any CPU.Deploy.0 = Debug|Any CPU
		{F32C587F-0AF3-4B0F-8A05-E2328CB80D01}.Debug|iPhone.ActiveCfg = Debug|Any CPU
		{F32C587F-0AF3-4B0F-8A05-E2328CB80D01}.Debug|iPhone.Build.0 = Debug|Any CPU
		{F32C587F-0AF3-4B0F-8A05-E2328CB80D01}.Debug|iPhone.Deploy.0 = Debug|Any CPU
		{F32C587F-0AF3-4B0F-8A05-E2328CB80D01}.Debug|iPhoneSimulator.ActiveCfg = Debug|Any CPU
		{F32C587F-0AF3-4B0F-8A05-E2328CB80D01}.Debug|iPhoneSimulator.Build.0 = Debug|Any CPU
		{F32C587F-0AF3-4B0F-8A05-E2328CB80D01}.Debug|iPhoneSimulator.Deploy.0 = Debug|Any CPU
		{F32C587F-0AF3-4B0F-8A05-E2328CB80D01}.Release|Any CPU.ActiveCfg = Release|Any CPU
		{F32C587F-0AF3-4B0F-8A05-E2328CB80D01}.Release|Any CPU.Build.0 = Release|Any CPU
		{F32C587F-0AF3-4B0F-8A05-E2328CB80D01}.Release|Any CPU.Deploy.0 = Release|Any CPU
		{F32C587F-0AF3-4B0F-8A05-E2328CB80D01}.Release|iPhone.ActiveCfg = Release|Any CPU
		{F32C587F-0AF3-4B0F-8A05-E2328CB80D01}.Release|iPhone.Build.0 = Release|Any CPU
		{F32C587F-0AF3-4B0F-8A05-E2328CB80D01}.Release|iPhone.Deploy.0 = Release|Any CPU
		{F32C587F-0AF3-4B0F-8A05-E2328CB80D01}.Release|iPhoneSimulator.ActiveCfg = Release|Any CPU
		{F32C587F-0AF3-4B0F-8A05-E2328CB80D01}.Release|iPhoneSimulator.Build.0 = Release|Any CPU
		{F32C587F-0AF3-4B0F-8A05-E2328CB80D01}.Release|iPhoneSimulator.Deploy.0 = Release|Any CPU
		{A884F51A-1AE7-4511-AFD3-622E1CB7C360}.Ad-Hoc|Any CPU.ActiveCfg = Ad-Hoc|iPhone
		{A884F51A-1AE7-4511-AFD3-622E1CB7C360}.Ad-Hoc|Any CPU.Build.0 = Ad-Hoc|iPhone
		{A884F51A-1AE7-4511-AFD3-622E1CB7C360}.Ad-Hoc|Any CPU.Deploy.0 = Ad-Hoc|iPhone
		{A884F51A-1AE7-4511-AFD3-622E1CB7C360}.Ad-Hoc|iPhone.ActiveCfg = Ad-Hoc|iPhone
		{A884F51A-1AE7-4511-AFD3-622E1CB7C360}.Ad-Hoc|iPhone.Build.0 = Ad-Hoc|iPhone
		{A884F51A-1AE7-4511-AFD3-622E1CB7C360}.Ad-Hoc|iPhone.Deploy.0 = Ad-Hoc|iPhone
		{A884F51A-1AE7-4511-AFD3-622E1CB7C360}.Ad-Hoc|iPhoneSimulator.ActiveCfg = Ad-Hoc|iPhoneSimulator
		{A884F51A-1AE7-4511-AFD3-622E1CB7C360}.Ad-Hoc|iPhoneSimulator.Build.0 = Ad-Hoc|iPhoneSimulator
		{A884F51A-1AE7-4511-AFD3-622E1CB7C360}.Ad-Hoc|iPhoneSimulator.Deploy.0 = Ad-Hoc|iPhoneSimulator
		{A884F51A-1AE7-4511-AFD3-622E1CB7C360}.AppStore|Any CPU.ActiveCfg = AppStore|iPhone
		{A884F51A-1AE7-4511-AFD3-622E1CB7C360}.AppStore|Any CPU.Build.0 = AppStore|iPhone
		{A884F51A-1AE7-4511-AFD3-622E1CB7C360}.AppStore|Any CPU.Deploy.0 = AppStore|iPhone
		{A884F51A-1AE7-4511-AFD3-622E1CB7C360}.AppStore|iPhone.ActiveCfg = AppStore|iPhone
		{A884F51A-1AE7-4511-AFD3-622E1CB7C360}.AppStore|iPhone.Build.0 = AppStore|iPhone
		{A884F51A-1AE7-4511-AFD3-622E1CB7C360}.AppStore|iPhone.Deploy.0 = AppStore|iPhone
		{A884F51A-1AE7-4511-AFD3-622E1CB7C360}.AppStore|iPhoneSimulator.ActiveCfg = AppStore|iPhoneSimulator
		{A884F51A-1AE7-4511-AFD3-622E1CB7C360}.AppStore|iPhoneSimulator.Build.0 = AppStore|iPhoneSimulator
		{A884F51A-1AE7-4511-AFD3-622E1CB7C360}.AppStore|iPhoneSimulator.Deploy.0 = AppStore|iPhoneSimulator
		{A884F51A-1AE7-4511-AFD3-622E1CB7C360}.Debug|Any CPU.ActiveCfg = Debug|iPhoneSimulator
		{A884F51A-1AE7-4511-AFD3-622E1CB7C360}.Debug|Any CPU.Build.0 = Debug|iPhoneSimulator
		{A884F51A-1AE7-4511-AFD3-622E1CB7C360}.Debug|Any CPU.Deploy.0 = Debug|iPhoneSimulator
		{A884F51A-1AE7-4511-AFD3-622E1CB7C360}.Debug|iPhone.ActiveCfg = Debug|iPhone
		{A884F51A-1AE7-4511-AFD3-622E1CB7C360}.Debug|iPhone.Build.0 = Debug|iPhone
		{A884F51A-1AE7-4511-AFD3-622E1CB7C360}.Debug|iPhone.Deploy.0 = Debug|iPhone
		{A884F51A-1AE7-4511-AFD3-622E1CB7C360}.Debug|iPhoneSimulator.ActiveCfg = Debug|iPhoneSimulator
		{A884F51A-1AE7-4511-AFD3-622E1CB7C360}.Debug|iPhoneSimulator.Build.0 = Debug|iPhoneSimulator
		{A884F51A-1AE7-4511-AFD3-622E1CB7C360}.Debug|iPhoneSimulator.Deploy.0 = Debug|iPhoneSimulator
		{A884F51A-1AE7-4511-AFD3-622E1CB7C360}.Release|Any CPU.ActiveCfg = Release|iPhone
		{A884F51A-1AE7-4511-AFD3-622E1CB7C360}.Release|Any CPU.Build.0 = Release|iPhone
		{A884F51A-1AE7-4511-AFD3-622E1CB7C360}.Release|Any CPU.Deploy.0 = Release|iPhone
		{A884F51A-1AE7-4511-AFD3-622E1CB7C360}.Release|iPhone.ActiveCfg = Release|iPhone
		{A884F51A-1AE7-4511-AFD3-622E1CB7C360}.Release|iPhone.Build.0 = Release|iPhone
		{A884F51A-1AE7-4511-AFD3-622E1CB7C360}.Release|iPhone.Deploy.0 = Release|iPhone
		{A884F51A-1AE7-4511-AFD3-622E1CB7C360}.Release|iPhoneSimulator.ActiveCfg = Release|iPhoneSimulator
		{A884F51A-1AE7-4511-AFD3-622E1CB7C360}.Release|iPhoneSimulator.Build.0 = Release|iPhoneSimulator
		{A884F51A-1AE7-4511-AFD3-622E1CB7C360}.Release|iPhoneSimulator.Deploy.0 = Release|iPhoneSimulator
		{9B613424-ED29-40CE-AA6D-82E2FA3557C4}.Ad-Hoc|Any CPU.ActiveCfg = Debug|Any CPU
		{9B613424-ED29-40CE-AA6D-82E2FA3557C4}.Ad-Hoc|Any CPU.Build.0 = Debug|Any CPU
		{9B613424-ED29-40CE-AA6D-82E2FA3557C4}.Ad-Hoc|Any CPU.Deploy.0 = Debug|Any CPU
		{9B613424-ED29-40CE-AA6D-82E2FA3557C4}.Ad-Hoc|iPhone.ActiveCfg = Debug|Any CPU
		{9B613424-ED29-40CE-AA6D-82E2FA3557C4}.Ad-Hoc|iPhone.Build.0 = Debug|Any CPU
		{9B613424-ED29-40CE-AA6D-82E2FA3557C4}.Ad-Hoc|iPhone.Deploy.0 = Debug|Any CPU
		{9B613424-ED29-40CE-AA6D-82E2FA3557C4}.Ad-Hoc|iPhoneSimulator.ActiveCfg = Debug|Any CPU
		{9B613424-ED29-40CE-AA6D-82E2FA3557C4}.Ad-Hoc|iPhoneSimulator.Build.0 = Debug|Any CPU
		{9B613424-ED29-40CE-AA6D-82E2FA3557C4}.Ad-Hoc|iPhoneSimulator.Deploy.0 = Debug|Any CPU
		{9B613424-ED29-40CE-AA6D-82E2FA3557C4}.AppStore|Any CPU.ActiveCfg = Debug|Any CPU
		{9B613424-ED29-40CE-AA6D-82E2FA3557C4}.AppStore|Any CPU.Build.0 = Debug|Any CPU
		{9B613424-ED29-40CE-AA6D-82E2FA3557C4}.AppStore|Any CPU.Deploy.0 = Debug|Any CPU
		{9B613424-ED29-40CE-AA6D-82E2FA3557C4}.AppStore|iPhone.ActiveCfg = Debug|Any CPU
		{9B613424-ED29-40CE-AA6D-82E2FA3557C4}.AppStore|iPhone.Build.0 = Debug|Any CPU
		{9B613424-ED29-40CE-AA6D-82E2FA3557C4}.AppStore|iPhone.Deploy.0 = Debug|Any CPU
		{9B613424-ED29-40CE-AA6D-82E2FA3557C4}.AppStore|iPhoneSimulator.ActiveCfg = Debug|Any CPU
		{9B613424-ED29-40CE-AA6D-82E2FA3557C4}.AppStore|iPhoneSimulator.Build.0 = Debug|Any CPU
		{9B613424-ED29-40CE-AA6D-82E2FA3557C4}.AppStore|iPhoneSimulator.Deploy.0 = Debug|Any CPU
		{9B613424-ED29-40CE-AA6D-82E2FA3557C4}.Debug|Any CPU.ActiveCfg = Debug|Any CPU
		{9B613424-ED29-40CE-AA6D-82E2FA3557C4}.Debug|Any CPU.Build.0 = Debug|Any CPU
		{9B613424-ED29-40CE-AA6D-82E2FA3557C4}.Debug|Any CPU.Deploy.0 = Debug|Any CPU
		{9B613424-ED29-40CE-AA6D-82E2FA3557C4}.Debug|iPhone.ActiveCfg = Debug|Any CPU
		{9B613424-ED29-40CE-AA6D-82E2FA3557C4}.Debug|iPhone.Build.0 = Debug|Any CPU
		{9B613424-ED29-40CE-AA6D-82E2FA3557C4}.Debug|iPhone.Deploy.0 = Debug|Any CPU
		{9B613424-ED29-40CE-AA6D-82E2FA3557C4}.Debug|iPhoneSimulator.ActiveCfg = Debug|Any CPU
		{9B613424-ED29-40CE-AA6D-82E2FA3557C4}.Debug|iPhoneSimulator.Build.0 = Debug|Any CPU
		{9B613424-ED29-40CE-AA6D-82E2FA3557C4}.Debug|iPhoneSimulator.Deploy.0 = Debug|Any CPU
		{9B613424-ED29-40CE-AA6D-82E2FA3557C4}.Release|Any CPU.ActiveCfg = Release|Any CPU
		{9B613424-ED29-40CE-AA6D-82E2FA3557C4}.Release|Any CPU.Build.0 = Release|Any CPU
		{9B613424-ED29-40CE-AA6D-82E2FA3557C4}.Release|Any CPU.Deploy.0 = Release|Any CPU
		{9B613424-ED29-40CE-AA6D-82E2FA3557C4}.Release|iPhone.ActiveCfg = Release|Any CPU
		{9B613424-ED29-40CE-AA6D-82E2FA3557C4}.Release|iPhone.Build.0 = Release|Any CPU
		{9B613424-ED29-40CE-AA6D-82E2FA3557C4}.Release|iPhone.Deploy.0 = Release|Any CPU
		{9B613424-ED29-40CE-AA6D-82E2FA3557C4}.Release|iPhoneSimulator.ActiveCfg = Release|Any CPU
		{9B613424-ED29-40CE-AA6D-82E2FA3557C4}.Release|iPhoneSimulator.Build.0 = Release|Any CPU
		{9B613424-ED29-40CE-AA6D-82E2FA3557C4}.Release|iPhoneSimulator.Deploy.0 = Release|Any CPU
	EndGlobalSection
	GlobalSection(SolutionProperties) = preSolution
		HideSolutionNode = FALSE
	EndGlobalSection
	GlobalSection(ExtensibilityGlobals) = postSolution
		SolutionGuid = {C9475550-8945-48C1-ABD8-9A44AE2E0DA2}
	EndGlobalSection
EndGlobal
